
Microsoft Visual Studio Solution File, Format Version 12.00
# Visual Studio Version 17
VisualStudioVersion = 17.13.35825.156 d17.13
MinimumVisualStudioVersion = 10.0.40219.1
Project("{FAE04EC0-301F-11D3-BF4B-00C04F79EFBC}") = "уют!", "уют!\уют!.csproj", "{DBEEF427-1315-4085-A27D-399E61779E41}"
EndProject
Global
	GlobalSection(SolutionConfigurationPlatforms) = preSolution
		Debug|Any CPU = Debug|Any CPU
		Release|Any CPU = Release|Any CPU
	EndGlobalSection
	GlobalSection(ProjectConfigurationPlatforms) = postSolution
		{DBEEF427-1315-4085-A27D-399E61779E41}.Debug|Any CPU.ActiveCfg = Debug|Any CPU
		{DBEEF427-1315-4085-A27D-399E61779E41}.Debug|Any CPU.Build.0 = Debug|Any CPU
		{DBEEF427-1315-4085-A27D-399E61779E41}.Release|Any CPU.ActiveCfg = Release|Any CPU
		{DBEEF427-1315-4085-A27D-399E61779E41}.Release|Any CPU.Build.0 = Release|Any CPU
	EndGlobalSection
	GlobalSection(SolutionProperties) = preSolution
		HideSolutionNode = FALSE
	EndGlobalSection
	GlobalSection(ExtensibilityGlobals) = postSolution
		SolutionGuid = {E41D972E-9F2B-449B-8524-63A40A5AE360}
	EndGlobalSection
EndGlobal
